
Microsoft Visual Studio Solution File, Format Version 12.00
# Visual Studio Version 17
VisualStudioVersion = 17.12.35707.178 d17.12
MinimumVisualStudioVersion = 10.0.40219.1
Project("{FAE04EC0-301F-11D3-BF4B-00C04F79EFBC}") = "MDK_01.01_Lesson-10-2", "MDK_01.01_Lesson-10-2.csproj", "{4BBE7FF3-CF18-48E0-9EB7-A49EAD4A6A78}"
EndProject
Global
	GlobalSection(SolutionConfigurationPlatforms) = preSolution
		Debug|Any CPU = Debug|Any CPU
		Release|Any CPU = Release|Any CPU
	EndGlobalSection
	GlobalSection(ProjectConfigurationPlatforms) = postSolution
		{4BBE7FF3-CF18-48E0-9EB7-A49EAD4A6A78}.Debug|Any CPU.ActiveCfg = Debug|Any CPU
		{4BBE7FF3-CF18-48E0-9EB7-A49EAD4A6A78}.Debug|Any CPU.Build.0 = Debug|Any CPU
		{4BBE7FF3-CF18-48E0-9EB7-A49EAD4A6A78}.Release|Any CPU.ActiveCfg = Release|Any CPU
		{4BBE7FF3-CF18-48E0-9EB7-A49EAD4A6A78}.Release|Any CPU.Build.0 = Release|Any CPU
	EndGlobalSection
	GlobalSection(SolutionProperties) = preSolution
		HideSolutionNode = FALSE
	EndGlobalSection
EndGlobal
